{
  "pins" : [
    {
      "identity" : "pkhud",
      "kind" : "remoteSourceControl",
      "location" : "https://github.com/pkluz/PKHUD.git",
      "state" : {
        "revision" : "8fd26f23057c6bebd6695524b1c3e05e93aba571",
        "version" : "5.4.0"
      }
    },
    {
      "identity" : "popupview",
      "kind" : "remoteSourceControl",
      "location" : "https://github.com/exyte/PopupView.git",
      "state" : {
        "revision" : "f71f08f1675d8edacdd341282da539ebbf8c1339",
        "version" : "2.9.0"
      }
    },
    {
      "identity" : "swiftui-cached-async-image",
      "kind" : "remoteSourceControl",
      "location" : "https://github.com/lorenzofiamingo/swiftui-cached-async-image",
      "state" : {
        "revision" : "467a3d17479887943ab917a379e62bbaff60ac8a",
        "version" : "2.1.1"
      }
    },
    {
      "identity" : "swiftui-introspect",
      "kind" : "remoteSourceControl",
      "location" : "https://github.com/siteline/swiftui-introspect",
      "state" : {
        "revision" : "0cd2a5a5895306bc21d54a2254302d24a9a571e4",
        "version" : "1.1.3"
      }
    }
  ],
  "version" : 2
}
